
Microsoft Visual Studio Solution File, Format Version 12.00
# Visual Studio Version 17
VisualStudioVersion = 17.3.32901.215
MinimumVisualStudioVersion = 10.0.40219.1
Project("{FAE04EC0-301F-11D3-BF4B-00C04F79EFBC}") = "programming", "programming\programming.csproj", "{6D4D7745-7BAA-4E86-9FB8-49D79FD5725B}"
EndProject
Global
	GlobalSection(SolutionConfigurationPlatforms) = preSolution
		Debug|Any CPU = Debug|Any CPU
		Release|Any CPU = Release|Any CPU
	EndGlobalSection
	GlobalSection(ProjectConfigurationPlatforms) = postSolution
		{6D4D7745-7BAA-4E86-9FB8-49D79FD5725B}.Debug|Any CPU.ActiveCfg = Debug|Any CPU
		{6D4D7745-7BAA-4E86-9FB8-49D79FD5725B}.Debug|Any CPU.Build.0 = Debug|Any CPU
		{6D4D7745-7BAA-4E86-9FB8-49D79FD5725B}.Release|Any CPU.ActiveCfg = Release|Any CPU
		{6D4D7745-7BAA-4E86-9FB8-49D79FD5725B}.Release|Any CPU.Build.0 = Release|Any CPU
	EndGlobalSection
	GlobalSection(SolutionProperties) = preSolution
		HideSolutionNode = FALSE
	EndGlobalSection
	GlobalSection(ExtensibilityGlobals) = postSolution
		SolutionGuid = {C8E84BFA-1742-4A23-8522-B9C1D2931E00}
	EndGlobalSection
EndGlobal
